
Microsoft Visual Studio Solution File, Format Version 12.00
# Visual Studio Version 17
VisualStudioVersion = 17.9.34728.123
MinimumVisualStudioVersion = 10.0.40219.1
Project("{FAE04EC0-301F-11D3-BF4B-00C04F79EFBC}") = "DataGPT", "DataGPT\DataGPT.csproj", "{7618AA8D-6DED-4B44-9D71-5E20DB4EC010}"
EndProject
Global
	GlobalSection(SolutionConfigurationPlatforms) = preSolution
		Debug|Any CPU = Debug|Any CPU
		Release|Any CPU = Release|Any CPU
	EndGlobalSection
	GlobalSection(ProjectConfigurationPlatforms) = postSolution
		{7618AA8D-6DED-4B44-9D71-5E20DB4EC010}.Debug|Any CPU.ActiveCfg = Debug|Any CPU
		{7618AA8D-6DED-4B44-9D71-5E20DB4EC010}.Debug|Any CPU.Build.0 = Debug|Any CPU
		{7618AA8D-6DED-4B44-9D71-5E20DB4EC010}.Release|Any CPU.ActiveCfg = Release|Any CPU
		{7618AA8D-6DED-4B44-9D71-5E20DB4EC010}.Release|Any CPU.Build.0 = Release|Any CPU
	EndGlobalSection
	GlobalSection(SolutionProperties) = preSolution
		HideSolutionNode = FALSE
	EndGlobalSection
	GlobalSection(ExtensibilityGlobals) = postSolution
		SolutionGuid = {0F800A7D-C243-479E-99E4-B1BB8DFB7E86}
	EndGlobalSection
EndGlobal
